
Microsoft Visual Studio Solution File, Format Version 12.00
# Visual Studio Version 17
VisualStudioVersion = 17.3.32929.385
MinimumVisualStudioVersion = 10.0.40219.1
Project("{FAE04EC0-301F-11D3-BF4B-00C04F79EFBC}") = "Farmhunter", "Farmhunter\Farmhunter.csproj", "{6C5CAD6D-681A-4398-A50C-3A3ED678E405}"
EndProject
Global
	GlobalSection(SolutionConfigurationPlatforms) = preSolution
		Debug|Any CPU = Debug|Any CPU
		Release|Any CPU = Release|Any CPU
	EndGlobalSection
	GlobalSection(ProjectConfigurationPlatforms) = postSolution
		{6C5CAD6D-681A-4398-A50C-3A3ED678E405}.Debug|Any CPU.ActiveCfg = Debug|Any CPU
		{6C5CAD6D-681A-4398-A50C-3A3ED678E405}.Debug|Any CPU.Build.0 = Debug|Any CPU
		{6C5CAD6D-681A-4398-A50C-3A3ED678E405}.Release|Any CPU.ActiveCfg = Release|Any CPU
		{6C5CAD6D-681A-4398-A50C-3A3ED678E405}.Release|Any CPU.Build.0 = Release|Any CPU
	EndGlobalSection
	GlobalSection(SolutionProperties) = preSolution
		HideSolutionNode = FALSE
	EndGlobalSection
	GlobalSection(ExtensibilityGlobals) = postSolution
		SolutionGuid = {6AF0F81F-2D82-4056-B9C4-9FC6D314839B}
	EndGlobalSection
EndGlobal
